
Microsoft Visual Studio Solution File, Format Version 12.00
# Visual Studio Version 17
VisualStudioVersion = 17.12.35527.113 d17.12
MinimumVisualStudioVersion = 10.0.40219.1
Project("{FAE04EC0-301F-11D3-BF4B-00C04F79EFBC}") = "brain_games", "brain_games.csproj", "{FA745941-D793-48BB-B0DB-0912216A238C}"
EndProject
Project("{2150E333-8FDC-42A3-9474-1A3956D46DE8}") = "Элементы решения", "Элементы решения", "{81BDA104-2097-4330-8A72-B8AB7FD6DEFE}"
EndProject
Global
	GlobalSection(SolutionConfigurationPlatforms) = preSolution
		Debug|Any CPU = Debug|Any CPU
		Release|Any CPU = Release|Any CPU
	EndGlobalSection
	GlobalSection(ProjectConfigurationPlatforms) = postSolution
		{FA745941-D793-48BB-B0DB-0912216A238C}.Debug|Any CPU.ActiveCfg = Debug|Any CPU
		{FA745941-D793-48BB-B0DB-0912216A238C}.Debug|Any CPU.Build.0 = Debug|Any CPU
		{FA745941-D793-48BB-B0DB-0912216A238C}.Release|Any CPU.ActiveCfg = Release|Any CPU
		{FA745941-D793-48BB-B0DB-0912216A238C}.Release|Any CPU.Build.0 = Release|Any CPU
	EndGlobalSection
	GlobalSection(SolutionProperties) = preSolution
		HideSolutionNode = FALSE
	EndGlobalSection
EndGlobal
